<?xml version="1.0" encoding="utf-8"?>
<Project ToolsVersion="4.0" xmlns="http://schemas.microsoft.com/developer/msbuild/2003">
  <ItemGroup>
    <Filter Include="Source Files">
      <UniqueIdentifier>{4FC737F1-C7A5-4376-A066-2A32D752A2FF}</UniqueIdentifier>
      <Extensions>cpp;c;cc;cxx;def;odl;idl;hpj;bat;asm;asmx</Extensions>
    </Filter>
    <Filter Include="Header Files">
      <UniqueIdentifier>{93995380-89BD-4b04-88EB-625FBE52EBFB}</UniqueIdentifier>
      <Extensions>h;hh;hpp;hxx;hm;inl;inc;xsd</Extensions>
    </Filter>
    <Filter Include="Header Files\Math">
      <UniqueIdentifier>{0804fb0c-3f62-4142-9336-89567a1fb66b}</UniqueIdentifier>
    </Filter>
    <Filter Include="Header Files\Input">
      <UniqueIdentifier>{4b83cfc0-5836-42df-9c95-d41b746447e5}</UniqueIdentifier>
    </Filter>
    <Filter Include="Header Files\Sound">
      <UniqueIdentifier>{8c466cc2-e904-4bd3-b799-3bda65a55b87}</UniqueIdentifier>
    </Filter>
    <Filter Include="Header Files\Network">
      <UniqueIdentifier>{bbdd251a-3929-4a2a-acd4-10e34d14440f}</UniqueIdentifier>
    </Filter>
    <Filter Include="Header Files\Script">
      <UniqueIdentifier>{6047d7bf-7134-4466-a392-afc8c062d39b}</UniqueIdentifier>
    </Filter>
    <Filter Include="Header Files\Hacking">
      <UniqueIdentifier>{235f10a3-02c7-42d8-b2fd-1a2fe5007914}</UniqueIdentifier>
    </Filter>
    <Filter Include="Header Files\Tools">
      <UniqueIdentifier>{9ff11d64-a6f5-444f-9c07-ad69b365cbd2}</UniqueIdentifier>
    </Filter>
    <Filter Include="Source Files\Math">
      <UniqueIdentifier>{54f4b097-e3a8-4224-90ac-a4f29ae4c3c2}</UniqueIdentifier>
    </Filter>
    <Filter Include="Source Files\Input">
      <UniqueIdentifier>{5cbaaf3a-af93-482a-90e2-fadbde4cfa58}</UniqueIdentifier>
    </Filter>
    <Filter Include="Source Files\Sound">
      <UniqueIdentifier>{a01947df-dac1-4b92-be53-1ef57d4a9d35}</UniqueIdentifier>
    </Filter>
    <Filter Include="Source Files\Network">
      <UniqueIdentifier>{b68b6c35-cea0-4fd4-9daa-1d93c66c31be}</UniqueIdentifier>
    </Filter>
    <Filter Include="Source Files\Script">
      <UniqueIdentifier>{8d909c18-d728-423c-93bd-759400a374e1}</UniqueIdentifier>
    </Filter>
    <Filter Include="Source Files\Hacking">
      <UniqueIdentifier>{d2539f27-2c57-48c9-a06a-2b4dc2b6187b}</UniqueIdentifier>
    </Filter>
    <Filter Include="Source Files\Tools">
      <UniqueIdentifier>{34d7cf19-0432-4054-b65b-80c4bcd5f6b4}</UniqueIdentifier>
    </Filter>
  </ItemGroup>
  <ItemGroup>
    <ClCompile Include="Main.cpp">
      <Filter>Source Files</Filter>
    </ClCompile>
    <ClCompile Include="CFileManager.cpp">
      <Filter>Source Files\Tools</Filter>
    </ClCompile>
    <ClCompile Include="CMatrix4x4.cpp">
      <Filter>Source Files\Math</Filter>
    </ClCompile>
    <ClCompile Include="CProcess.cpp">
      <Filter>Source Files\Hacking</Filter>
    </ClCompile>
    <ClCompile Include="CSocket.cpp">
      <Filter>Source Files\Network</Filter>
    </ClCompile>
    <ClCompile Include="CStringA.cpp">
      <Filter>Source Files\Tools</Filter>
    </ClCompile>
    <ClCompile Include="CStringW.cpp">
      <Filter>Source Files\Tools</Filter>
    </ClCompile>
    <ClCompile Include="CVector3.cpp">
      <Filter>Source Files\Math</Filter>
    </ClCompile>
    <ClCompile Include="CVector4.cpp">
      <Filter>Source Files\Math</Filter>
    </ClCompile>
    <ClCompile Include="CWindow.cpp">
      <Filter>Source Files</Filter>
    </ClCompile>
    <ClCompile Include="MazeDepthFirst.cpp">
      <Filter>Source Files</Filter>
    </ClCompile>
    <ClCompile Include="CRandom.cpp">
      <Filter>Source Files</Filter>
    </ClCompile>
    <ClCompile Include="CApplication.cpp">
      <Filter>Source Files</Filter>
    </ClCompile>
    <ClCompile Include="IGame.cpp">
      <Filter>Source Files</Filter>
    </ClCompile>
    <ClCompile Include="CTestGame.cpp">
      <Filter>Source Files</Filter>
    </ClCompile>
    <ClCompile Include="stdafx.cpp">
      <Filter>Source Files</Filter>
    </ClCompile>
    <ClCompile Include="IGraphics.cpp">
      <Filter>Source Files</Filter>
    </ClCompile>
    <ClCompile Include="Functions.cpp">
      <Filter>Source Files</Filter>
    </ClCompile>
    <ClCompile Include="CGraphicsDX11.cpp">
      <Filter>Source Files</Filter>
    </ClCompile>
    <ClCompile Include="CMaterial.cpp">
      <Filter>Source Files</Filter>
    </ClCompile>
  </ItemGroup>
  <ItemGroup>
    <ClInclude Include="Datatypes.h">
      <Filter>Header Files</Filter>
    </ClInclude>
    <ClInclude Include="ECoreResult.h">
      <Filter>Header Files</Filter>
    </ClInclude>
    <ClInclude Include="Engine.h">
      <Filter>Header Files</Filter>
    </ClInclude>
    <ClInclude Include="CFileManager.h">
      <Filter>Header Files\Tools</Filter>
    </ClInclude>
    <ClInclude Include="CMatrix4x4.h">
      <Filter>Header Files\Math</Filter>
    </ClInclude>
    <ClInclude Include="CProcess.h">
      <Filter>Header Files\Hacking</Filter>
    </ClInclude>
    <ClInclude Include="CProcess.hpp">
      <Filter>Header Files\Hacking</Filter>
    </ClInclude>
    <ClInclude Include="CSocket.h">
      <Filter>Header Files\Network</Filter>
    </ClInclude>
    <ClInclude Include="CString.h">
      <Filter>Header Files\Tools</Filter>
    </ClInclude>
    <ClInclude Include="CStringA.h">
      <Filter>Header Files\Tools</Filter>
    </ClInclude>
    <ClInclude Include="CStringW.h">
      <Filter>Header Files\Tools</Filter>
    </ClInclude>
    <ClInclude Include="CVector3.h">
      <Filter>Header Files\Math</Filter>
    </ClInclude>
    <ClInclude Include="CVector4.h">
      <Filter>Header Files\Math</Filter>
    </ClInclude>
    <ClInclude Include="EAllocationType.h">
      <Filter>Header Files\Hacking</Filter>
    </ClInclude>
    <ClInclude Include="EFileMode.h">
      <Filter>Header Files\Tools</Filter>
    </ClInclude>
    <ClInclude Include="EFilePosition.h">
      <Filter>Header Files\Tools</Filter>
    </ClInclude>
    <ClInclude Include="EProtectionType.h">
      <Filter>Header Files\Hacking</Filter>
    </ClInclude>
    <ClInclude Include="ISocket.h">
      <Filter>Header Files\Network</Filter>
    </ClInclude>
    <ClInclude Include="NetworkTypes.h">
      <Filter>Header Files\Network</Filter>
    </ClInclude>
    <ClInclude Include="SProcessData.h">
      <Filter>Header Files\Hacking</Filter>
    </ClInclude>
    <ClInclude Include="stdafx.h">
      <Filter>Header Files</Filter>
    </ClInclude>
    <ClInclude Include="CWindow.h">
      <Filter>Header Files</Filter>
    </ClInclude>
    <ClInclude Include="MazeDepthFirst.h">
      <Filter>Header Files</Filter>
    </ClInclude>
    <ClInclude Include="MathUtility.h">
      <Filter>Header Files</Filter>
    </ClInclude>
    <ClInclude Include="CRandom.h">
      <Filter>Header Files</Filter>
    </ClInclude>
    <ClInclude Include="CApplication.h">
      <Filter>Header Files</Filter>
    </ClInclude>
    <ClInclude Include="IGame.h">
      <Filter>Header Files</Filter>
    </ClInclude>
    <ClInclude Include="CTestGame.h">
      <Filter>Header Files</Filter>
    </ClInclude>
    <ClInclude Include="EngineIntern.h">
      <Filter>Header Files</Filter>
    </ClInclude>
    <ClInclude Include="Vec2.h">
      <Filter>Header Files\Math</Filter>
    </ClInclude>
    <ClInclude Include="Vec2.hpp">
      <Filter>Header Files\Math</Filter>
    </ClInclude>
    <ClInclude Include="Vec3.h">
      <Filter>Header Files\Math</Filter>
    </ClInclude>
    <ClInclude Include="Vec3.hpp">
      <Filter>Header Files\Math</Filter>
    </ClInclude>
    <ClInclude Include="Vec4.h">
      <Filter>Header Files\Math</Filter>
    </ClInclude>
    <ClInclude Include="Vec4.hpp">
      <Filter>Header Files\Math</Filter>
    </ClInclude>
    <ClInclude Include="CMatrix4x4.hpp">
      <Filter>Header Files\Math</Filter>
    </ClInclude>
    <ClInclude Include="IGraphics.h">
      <Filter>Header Files</Filter>
    </ClInclude>
    <ClInclude Include="Functions.h">
      <Filter>Header Files</Filter>
    </ClInclude>
    <ClInclude Include="CGraphicsDX11.h">
      <Filter>Header Files</Filter>
    </ClInclude>
    <ClInclude Include="CMaterial.h">
      <Filter>Header Files</Filter>
    </ClInclude>
  </ItemGroup>
</Project>